
Microsoft Visual Studio Solution File, Format Version 12.00
# Visual Studio 15
VisualStudioVersion = 15.0.28010.2026
MinimumVisualStudioVersion = 10.0.40219.1
Project("{159641D6-6404-4A2A-AE62-294DE0FE8301}") = "JobNewETL", "JobNewETL\JobNewETL.dtproj", "{708A2BA5-D1BB-43FC-B2AE-CE98CFBDEAAC}"
EndProject
Global
	GlobalSection(SolutionConfigurationPlatforms) = preSolution
		Development|Default = Development|Default
	EndGlobalSection
	GlobalSection(ProjectConfigurationPlatforms) = postSolution
		{708A2BA5-D1BB-43FC-B2AE-CE98CFBDEAAC}.Development|Default.ActiveCfg = Development
		{708A2BA5-D1BB-43FC-B2AE-CE98CFBDEAAC}.Development|Default.Build.0 = Development
	EndGlobalSection
	GlobalSection(SolutionProperties) = preSolution
		HideSolutionNode = FALSE
	EndGlobalSection
	GlobalSection(ExtensibilityGlobals) = postSolution
		SolutionGuid = {B0E5B07A-9E5C-460A-99A4-2CD6B3E1F7E9}
	EndGlobalSection
EndGlobal
